// !$*UTF8*$!
{
	archiveVersion = 1;
	classes = {
	};
	objectVersion = 55;
	objects = {

/* Begin PBXBuildFile section */
		4DFEC9747FAADDFE20709584 /* Pods_GBMapTest.framework in Frameworks */ = {isa = PBXBuildFile; fileRef = 9C69B70437CB8C9028E449B2 /* Pods_GBMapTest.framework */; };
		BABD557027D27AEE005EAC25 /* AppDelegate.swift in Sources */ = {isa = PBXBuildFile; fileRef = BABD556F27D27AEE005EAC25 /* AppDelegate.swift */; };
		BABD557227D27AEE005EAC25 /* SceneDelegate.swift in Sources */ = {isa = PBXBuildFile; fileRef = BABD557127D27AEE005EAC25 /* SceneDelegate.swift */; };
		BABD557427D27AEE005EAC25 /* ViewController.swift in Sources */ = {isa = PBXBuildFile; fileRef = BABD557327D27AEE005EAC25 /* ViewController.swift */; };
		BABD557727D27AEE005EAC25 /* Main.storyboard in Resources */ = {isa = PBXBuildFile; fileRef = BABD557527D27AEE005EAC25 /* Main.storyboard */; };
		BABD557927D27AF0005EAC25 /* Assets.xcassets in Resources */ = {isa = PBXBuildFile; fileRef = BABD557827D27AF0005EAC25 /* Assets.xcassets */; };
		BABD557C27D27AF0005EAC25 /* LaunchScreen.storyboard in Resources */ = {isa = PBXBuildFile; fileRef = BABD557A27D27AF0005EAC25 /* LaunchScreen.storyboard */; };
/* End PBXBuildFile section */

/* Begin PBXFileReference section */
		2CCD21D8DAA5143E92E32322 /* Pods-GBMapTest.release.xcconfig */ = {isa = PBXFileReference; includeInIndex = 1; lastKnownFileType = text.xcconfig; name = "Pods-GBMapTest.release.xcconfig"; path = "Target Support Files/Pods-GBMapTest/Pods-GBMapTest.release.xcconfig"; sourceTree = "<group>"; };
		9C69B70437CB8C9028E449B2 /* Pods_GBMapTest.framework */ = {isa = PBXFileReference; explicitFileType = wrapper.framework; includeInIndex = 0; path = Pods_GBMapTest.framework; sourceTree = BUILT_PRODUCTS_DIR; };
		BABD556C27D27AEE005EAC25 /* GBMapTest.app */ = {isa = PBXFileReference; explicitFileType = wrapper.application; includeInIndex = 0; path = GBMapTest.app; sourceTree = BUILT_PRODUCTS_DIR; };
		BABD556F27D27AEE005EAC25 /* AppDelegate.swift */ = {isa = PBXFileReference; lastKnownFileType = sourcecode.swift; path = AppDelegate.swift; sourceTree = "<group>"; };
		BABD557127D27AEE005EAC25 /* SceneDelegate.swift */ = {isa = PBXFileReference; lastKnownFileType = sourcecode.swift; path = SceneDelegate.swift; sourceTree = "<group>"; };
		BABD557327D27AEE005EAC25 /* ViewController.swift */ = {isa = PBXFileReference; lastKnownFileType = sourcecode.swift; path = ViewController.swift; sourceTree = "<group>"; };
		BABD557627D27AEE005EAC25 /* Base */ = {isa = PBXFileReference; lastKnownFileType = file.storyboard; name = Base; path = Base.lproj/Main.storyboard; sourceTree = "<group>"; };
		BABD557827D27AF0005EAC25 /* Assets.xcassets */ = {isa = PBXFileReference; lastKnownFileType = folder.assetcatalog; path = Assets.xcassets; sourceTree = "<group>"; };
		BABD557B27D27AF0005EAC25 /* Base */ = {isa = PBXFileReference; lastKnownFileType = file.storyboard; name = Base; path = Base.lproj/LaunchScreen.storyboard; sourceTree = "<group>"; };
		BABD557D27D27AF0005EAC25 /* Info.plist */ = {isa = PBXFileReference; lastKnownFileType = text.plist.xml; path = Info.plist; sourceTree = "<group>"; };
		D01E25A96C65551EB2BE5DBF /* Pods-GBMapTest.debug.xcconfig */ = {isa = PBXFileReference; includeInIndex = 1; lastKnownFileType = text.xcconfig; name = "Pods-GBMapTest.debug.xcconfig"; path = "Target Support Files/Pods-GBMapTest/Pods-GBMapTest.debug.xcconfig"; sourceTree = "<group>"; };
/* End PBXFileReference section */

/* Begin PBXFrameworksBuildPhase section */
		BABD556927D27AEE005EAC25 /* Frameworks */ = {
			isa = PBXFrameworksBuildPhase;
			buildActionMask = 2147483647;
			files = (
				4DFEC9747FAADDFE20709584 /* Pods_GBMapTest.framework in Frameworks */,
			);
			runOnlyForDeploymentPostprocessing = 0;
		};
/* End PBXFrameworksBuildPhase section */

/* Begin PBXGroup section */
		28C6C73612EDB77C474EBFFA /* Pods */ = {
			isa = PBXGroup;
			children = (
				D01E25A96C65551EB2BE5DBF /* Pods-GBMapTest.debug.xcconfig */,
				2CCD21D8DAA5143E92E32322 /* Pods-GBMapTest.release.xcconfig */,
			);
			path = Pods;
			sourceTree = "<group>";
		};
		BABD556327D27AEE005EAC25 = {
			isa = PBXGroup;
			children = (
				BABD556E27D27AEE005EAC25 /* GBMapTest */,
				BABD556D27D27AEE005EAC25 /* Products */,
				28C6C73612EDB77C474EBFFA /* Pods */,
				D7F2C6327AEDDDD13A8BE0B5 /* Frameworks */,
			);
			sourceTree = "<group>";
		};
		BABD556D27D27AEE005EAC25 /* Products */ = {
			isa = PBXGroup;
			children = (
				BABD556C27D27AEE005EAC25 /* GBMapTest.app */,
			);
			name = Products;
			sourceTree = "<group>";
		};
		BABD556E27D27AEE005EAC25 /* GBMapTest */ = {
			isa = PBXGroup;
			children = (
				BABD556F27D27AEE005EAC25 /* AppDelegate.swift */,
				BABD557127D27AEE005EAC25 /* SceneDelegate.swift */,
				BABD557327D27AEE005EAC25 /* ViewController.swift */,
				BABD557527D27AEE005EAC25 /* Main.storyboard */,
				BABD557827D27AF0005EAC25 /* Assets.xcassets */,
				BABD557A27D27AF0005EAC25 /* LaunchScreen.storyboard */,
				BABD557D27D27AF0005EAC25 /* Info.plist */,
			);
			path = GBMapTest;
			sourceTree = "<group>";
		};
		D7F2C6327AEDDDD13A8BE0B5 /* Frameworks */ = {
			isa = PBXGroup;
			children = (
				9C69B70437CB8C9028E449B2 /* Pods_GBMapTest.framework */,
			);
			name = Frameworks;
			sourceTree = "<group>";
		};
/* End PBXGroup section */

/* Begin PBXNativeTarget section */
		BABD556B27D27AEE005EAC25 /* GBMapTest */ = {
			isa = PBXNativeTarget;
			buildConfigurationList = BABD558027D27AF0005EAC25 /* Build configuration list for PBXNativeTarget "GBMapTest" */;
			buildPhases = (
				9E48E084A0718AEB5968CDE1 /* [CP] Check Pods Manifest.lock */,
				BABD556827D27AEE005EAC25 /* Sources */,
				BABD556927D27AEE005EAC25 /* Frameworks */,
				BABD556A27D27AEE005EAC25 /* Resources */,
				DEFFC1BF96FCD43AA18CD356 /* [CP] Copy Pods Resources */,
			);
			buildRules = (
			);
			dependencies = (
			);
			name = GBMapTest;
			productName = GBMapTest;
			productReference = BABD556C27D27AEE005EAC25 /* GBMapTest.app */;
			productType = "com.apple.product-type.application";
		};
/* End PBXNativeTarget section */

/* Begin PBXProject section */
		BABD556427D27AEE005EAC25 /* Project object */ = {
			isa = PBXProject;
			attributes = {
				BuildIndependentTargetsInParallel = 1;
				LastSwiftUpdateCheck = 1320;
				LastUpgradeCheck = 1320;
				TargetAttributes = {
					BABD556B27D27AEE005EAC25 = {
						CreatedOnToolsVersion = 13.2.1;
					};
				};
			};
			buildConfigurationList = BABD556727D27AEE005EAC25 /* Build configuration list for PBXProject "GBMapTest" */;
			compatibilityVersion = "Xcode 13.0";
			developmentRegion = en;
			hasScannedForEncodings = 0;
			knownRegions = (
				en,
				Base,
			);
			mainGroup = BABD556327D27AEE005EAC25;
			productRefGroup = BABD556D27D27AEE005EAC25 /* Products */;
			projectDirPath = "";
			projectRoot = "";
			targets = (
				BABD556B27D27AEE005EAC25 /* GBMapTest */,
			);
		};
/* End PBXProject section */

/* Begin PBXResourcesBuildPhase section */
		BABD556A27D27AEE005EAC25 /* Resources */ = {
			isa = PBXResourcesBuildPhase;
			buildActionMask = 2147483647;
			files = (
				BABD557C27D27AF0005EAC25 /* LaunchScreen.storyboard in Resources */,
				BABD557927D27AF0005EAC25 /* Assets.xcassets in Resources */,
				BABD557727D27AEE005EAC25 /* Main.storyboard in Resources */,
			);
			runOnlyForDeploymentPostprocessing = 0;
		};
/* End PBXResourcesBuildPhase section */

/* Begin PBXShellScriptBuildPhase section */
		9E48E084A0718AEB5968CDE1 /* [CP] Check Pods Manifest.lock */ = {
			isa = PBXShellScriptBuildPhase;
			buildActionMask = 2147483647;
			files = (
			);
			inputFileListPaths = (
			);
			inputPaths = (
				"${PODS_PODFILE_DIR_PATH}/Podfile.lock",
				"${PODS_ROOT}/Manifest.lock",
			);
			name = "[CP] Check Pods Manifest.lock";
			outputFileListPaths = (
			);
			outputPaths = (
				"$(DERIVED_FILE_DIR)/Pods-GBMapTest-checkManifestLockResult.txt",
			);
			runOnlyForDeploymentPostprocessing = 0;
			shellPath = /bin/sh;
			shellScript = "diff \"${PODS_PODFILE_DIR_PATH}/Podfile.lock\" \"${PODS_ROOT}/Manifest.lock\" > /dev/null\nif [ $? != 0 ] ; then\n    # print error to STDERR\n    echo \"error: The sandbox is not in sync with the Podfile.lock. Run 'pod install' or update your CocoaPods installation.\" >&2\n    exit 1\nfi\n# This output is used by Xcode 'outputs' to avoid re-running this script phase.\necho \"SUCCESS\" > \"${SCRIPT_OUTPUT_FILE_0}\"\n";
			showEnvVarsInLog = 0;
		};
		DEFFC1BF96FCD43AA18CD356 /* [CP] Copy Pods Resources */ = {
			isa = PBXShellScriptBuildPhase;
			buildActionMask = 2147483647;
			files = (
			);
			inputFileListPaths = (
				"${PODS_ROOT}/Target Support Files/Pods-GBMapTest/Pods-GBMapTest-resources-${CONFIGURATION}-input-files.xcfilelist",
			);
			name = "[CP] Copy Pods Resources";
			outputFileListPaths = (
				"${PODS_ROOT}/Target Support Files/Pods-GBMapTest/Pods-GBMapTest-resources-${CONFIGURATION}-output-files.xcfilelist",
			);
			runOnlyForDeploymentPostprocessing = 0;
			shellPath = /bin/sh;
			shellScript = "\"${PODS_ROOT}/Target Support Files/Pods-GBMapTest/Pods-GBMapTest-resources.sh\"\n";
			showEnvVarsInLog = 0;
		};
/* End PBXShellScriptBuildPhase section */

/* Begin PBXSourcesBuildPhase section */
		BABD556827D27AEE005EAC25 /* Sources */ = {
			isa = PBXSourcesBuildPhase;
			buildActionMask = 2147483647;
			files = (
				BABD557427D27AEE005EAC25 /* ViewController.swift in Sources */,
				BABD557027D27AEE005EAC25 /* AppDelegate.swift in Sources */,
				BABD557227D27AEE005EAC25 /* SceneDelegate.swift in Sources */,
			);
			runOnlyForDeploymentPostprocessing = 0;
		};
/* End PBXSourcesBuildPhase section */

/* Begin PBXVariantGroup section */
		BABD557527D27AEE005EAC25 /* Main.storyboard */ = {
			isa = PBXVariantGroup;
			children = (
				BABD557627D27AEE005EAC25 /* Base */,
			);
			name = Main.storyboard;
			sourceTree = "<group>";
		};
		BABD557A27D27AF0005EAC25 /* LaunchScreen.storyboard */ = {
			isa = PBXVariantGroup;
			children = (
				BABD557B27D27AF0005EAC25 /* Base */,
			);
			name = LaunchScreen.storyboard;
			sourceTree = "<group>";
		};
/* End PBXVariantGroup section */

/* Begin XCBuildConfiguration section */
		BABD557E27D27AF0005EAC25 /* Debug */ = {
			isa = XCBuildConfiguration;
			buildSettings = {
				ALWAYS_SEARCH_USER_PATHS = NO;
				CLANG_ANALYZER_NONNULL = YES;
				CLANG_ANALYZER_NUMBER_OBJECT_CONVERSION = YES_AGGRESSIVE;
				CLANG_CXX_LANGUAGE_STANDARD = "gnu++17";
				CLANG_CXX_LIBRARY = "libc++";
				CLANG_ENABLE_MODULES = YES;
				CLANG_ENABLE_OBJC_ARC = YES;
				CLANG_ENABLE_OBJC_WEAK = YES;
				CLANG_WARN_BLOCK_CAPTURE_AUTORELEASING = YES;
				CLANG_WARN_BOOL_CONVERSION = YES;
				CLANG_WARN_COMMA = YES;
				CLANG_WARN_CONSTANT_CONVERSION = YES;
				CLANG_WARN_DEPRECATED_OBJC_IMPLEMENTATIONS = YES;
				CLANG_WARN_DIRECT_OBJC_ISA_USAGE = YES_ERROR;
				CLANG_WARN_DOCUMENTATION_COMMENTS = YES;
				CLANG_WARN_EMPTY_BODY = YES;
				CLANG_WARN_ENUM_CONVERSION = YES;
				CLANG_WARN_INFINITE_RECURSION = YES;
				CLANG_WARN_INT_CONVERSION = YES;
				CLANG_WARN_NON_LITERAL_NULL_CONVERSION = YES;
				CLANG_WARN_OBJC_IMPLICIT_RETAIN_SELF = YES;
				CLANG_WARN_OBJC_LITERAL_CONVERSION = YES;
				CLANG_WARN_OBJC_ROOT_CLASS = YES_ERROR;
				CLANG_WARN_QUOTED_INCLUDE_IN_FRAMEWORK_HEADER = YES;
				CLANG_WARN_RANGE_LOOP_ANALYSIS = YES;
				CLANG_WARN_STRICT_PROTOTYPES = YES;
				CLANG_WARN_SUSPICIOUS_MOVE = YES;
				CLANG_WARN_UNGUARDED_AVAILABILITY = YES_AGGRESSIVE;
				CLANG_WARN_UNREACHABLE_CODE = YES;
				CLANG_WARN__DUPLICATE_METHOD_MATCH = YES;
				COPY_PHASE_STRIP = NO;
				DEBUG_INFORMATION_FORMAT = dwarf;
				ENABLE_STRICT_OBJC_MSGSEND = YES;
				ENABLE_TESTABILITY = YES;
				GCC_C_LANGUAGE_STANDARD = gnu11;
				GCC_DYNAMIC_NO_PIC = NO;
				GCC_NO_COMMON_BLOCKS = YES;
				GCC_OPTIMIZATION_LEVEL = 0;
				GCC_PREPROCESSOR_DEFINITIONS = (
					"DEBUG=1",
					"$(inherited)",
				);
				GCC_WARN_64_TO_32_BIT_CONVERSION = YES;
				GCC_WARN_ABOUT_RETURN_TYPE = YES_ERROR;
				GCC_WARN_UNDECLARED_SELECTOR = YES;
				GCC_WARN_UNINITIALIZED_AUTOS = YES_AGGRESSIVE;
				GCC_WARN_UNUSED_FUNCTION = YES;
				GCC_WARN_UNUSED_VARIABLE = YES;
				IPHONEOS_DEPLOYMENT_TARGET = 15.2;
				MTL_ENABLE_DEBUG_INFO = INCLUDE_SOURCE;
				MTL_FAST_MATH = YES;
				ONLY_ACTIVE_ARCH = YES;
				SDKROOT = iphoneos;
				SWIFT_ACTIVE_COMPILATION_CONDITIONS = DEBUG;
				SWIFT_OPTIMIZATION_LEVEL = "-Onone";
			};
			name = Debug;
		};
		BABD557F27D27AF0005EAC25 /* Release */ = {
			isa = XCBuildConfiguration;
			buildSettings = {
				ALWAYS_SEARCH_USER_PATHS = NO;
				CLANG_ANALYZER_NONNULL = YES;
				CLANG_ANALYZER_NUMBER_OBJECT_CONVERSION = YES_AGGRESSIVE;
				CLANG_CXX_LANGUAGE_STANDARD = "gnu++17";
				CLANG_CXX_LIBRARY = "libc++";
				CLANG_ENABLE_MODULES = YES;
				CLANG_ENABLE_OBJC_ARC = YES;
				CLANG_ENABLE_OBJC_WEAK = YES;
				CLANG_WARN_BLOCK_CAPTURE_AUTORELEASING = YES;
				CLANG_WARN_BOOL_CONVERSION = YES;
				CLANG_WARN_COMMA = YES;
				CLANG_WARN_CONSTANT_CONVERSION = YES;
				CLANG_WARN_DEPRECATED_OBJC_IMPLEMENTATIONS = YES;
				CLANG_WARN_DIRECT_OBJC_ISA_USAGE = YES_ERROR;
				CLANG_WARN_DOCUMENTATION_COMMENTS = YES;
				CLANG_WARN_EMPTY_BODY = YES;
				CLANG_WARN_ENUM_CONVERSION = YES;
				CLANG_WARN_INFINITE_RECURSION = YES;
				CLANG_WARN_INT_CONVERSION = YES;
				CLANG_WARN_NON_LITERAL_NULL_CONVERSION = YES;
				CLANG_WARN_OBJC_IMPLICIT_RETAIN_SELF = YES;
				CLANG_WARN_OBJC_LITERAL_CONVERSION = YES;
				CLANG_WARN_OBJC_ROOT_CLASS = YES_ERROR;
				CLANG_WARN_QUOTED_INCLUDE_IN_FRAMEWORK_HEADER = YES;
				CLANG_WARN_RANGE_LOOP_ANALYSIS = YES;
				CLANG_WARN_STRICT_PROTOTYPES = YES;
				CLANG_WARN_SUSPICIOUS_MOVE = YES;
				CLANG_WARN_UNGUARDED_AVAILABILITY = YES_AGGRESSIVE;
				CLANG_WARN_UNREACHABLE_CODE = YES;
				CLANG_WARN__DUPLICATE_METHOD_MATCH = YES;
				COPY_PHASE_STRIP = NO;
				DEBUG_INFORMATION_FORMAT = "dwarf-with-dsym";
				ENABLE_NS_ASSERTIONS = NO;
				ENABLE_STRICT_OBJC_MSGSEND = YES;
				GCC_C_LANGUAGE_STANDARD = gnu11;
				GCC_NO_COMMON_BLOCKS = YES;
				GCC_WARN_64_TO_32_BIT_CONVERSION = YES;
				GCC_WARN_ABOUT_RETURN_TYPE = YES_ERROR;
				GCC_WARN_UNDECLARED_SELECTOR = YES;
				GCC_WARN_UNINITIALIZED_AUTOS = YES_AGGRESSIVE;
				GCC_WARN_UNUSED_FUNCTION = YES;
				GCC_WARN_UNUSED_VARIABLE = YES;
				IPHONEOS_DEPLOYMENT_TARGET = 15.2;
				MTL_ENABLE_DEBUG_INFO = NO;
				MTL_FAST_MATH = YES;
				SDKROOT = iphoneos;
				SWIFT_COMPILATION_MODE = wholemodule;
				SWIFT_OPTIMIZATION_LEVEL = "-O";
				VALIDATE_PRODUCT = YES;
			};
			name = Release;
		};
		BABD558127D27AF0005EAC25 /* Debug */ = {
			isa = XCBuildConfiguration;
			baseConfigurationReference = D01E25A96C65551EB2BE5DBF /* Pods-GBMapTest.debug.xcconfig */;
			buildSettings = {
				ASSETCATALOG_COMPILER_APPICON_NAME = AppIcon;
				ASSETCATALOG_COMPILER_GLOBAL_ACCENT_COLOR_NAME = AccentColor;
				CODE_SIGN_STYLE = Automatic;
				CURRENT_PROJECT_VERSION = 1;
				DEVELOPMENT_TEAM = 97AVL57GTN;
				GENERATE_INFOPLIST_FILE = YES;
				INFOPLIST_FILE = GBMapTest/Info.plist;
				INFOPLIST_KEY_NSLocationAlwaysAndWhenInUseUsageDescription = "Add this";
				INFOPLIST_KEY_NSLocationWhenInUseUsageDescription = "Очень нужно!!!!";
				INFOPLIST_KEY_UIApplicationSupportsIndirectInputEvents = YES;
				INFOPLIST_KEY_UILaunchStoryboardName = LaunchScreen;
				INFOPLIST_KEY_UIMainStoryboardFile = Main;
				INFOPLIST_KEY_UISupportedInterfaceOrientations_iPad = "UIInterfaceOrientationPortrait UIInterfaceOrientationPortraitUpsideDown UIInterfaceOrientationLandscapeLeft UIInterfaceOrientationLandscapeRight";
				INFOPLIST_KEY_UISupportedInterfaceOrientations_iPhone = "UIInterfaceOrientationPortrait UIInterfaceOrientationLandscapeLeft UIInterfaceOrientationLandscapeRight";
				LD_RUNPATH_SEARCH_PATHS = (
					"$(inherited)",
					"@executable_path/Frameworks",
				);
				MARKETING_VERSION = 1.0;
				PRODUCT_BUNDLE_IDENTIFIER = com.gb.shop.GBMapTest;
				PRODUCT_NAME = "$(TARGET_NAME)";
				SWIFT_EMIT_LOC_STRINGS = YES;
				SWIFT_VERSION = 5.0;
				TARGETED_DEVICE_FAMILY = "1,2";
			};
			name = Debug;
		};
		BABD558227D27AF0005EAC25 /* Release */ = {
			isa = XCBuildConfiguration;
			baseConfigurationReference = 2CCD21D8DAA5143E92E32322 /* Pods-GBMapTest.release.xcconfig */;
			buildSettings = {
				ASSETCATALOG_COMPILER_APPICON_NAME = AppIcon;
				ASSETCATALOG_COMPILER_GLOBAL_ACCENT_COLOR_NAME = AccentColor;
				CODE_SIGN_STYLE = Automatic;
				CURRENT_PROJECT_VERSION = 1;
				DEVELOPMENT_TEAM = 97AVL57GTN;
				GENERATE_INFOPLIST_FILE = YES;
				INFOPLIST_FILE = GBMapTest/Info.plist;
				INFOPLIST_KEY_NSLocationAlwaysAndWhenInUseUsageDescription = "Add this";
				INFOPLIST_KEY_NSLocationWhenInUseUsageDescription = "Очень нужно!!!!";
				INFOPLIST_KEY_UIApplicationSupportsIndirectInputEvents = YES;
				INFOPLIST_KEY_UILaunchStoryboardName = LaunchScreen;
				INFOPLIST_KEY_UIMainStoryboardFile = Main;
				INFOPLIST_KEY_UISupportedInterfaceOrientations_iPad = "UIInterfaceOrientationPortrait UIInterfaceOrientationPortraitUpsideDown UIInterfaceOrientationLandscapeLeft UIInterfaceOrientationLandscapeRight";
				INFOPLIST_KEY_UISupportedInterfaceOrientations_iPhone = "UIInterfaceOrientationPortrait UIInterfaceOrientationLandscapeLeft UIInterfaceOrientationLandscapeRight";
				LD_RUNPATH_SEARCH_PATHS = (
					"$(inherited)",
					"@executable_path/Frameworks",
				);
				MARKETING_VERSION = 1.0;
				PRODUCT_BUNDLE_IDENTIFIER = com.gb.shop.GBMapTest;
				PRODUCT_NAME = "$(TARGET_NAME)";
				SWIFT_EMIT_LOC_STRINGS = YES;
				SWIFT_VERSION = 5.0;
				TARGETED_DEVICE_FAMILY = "1,2";
			};
			name = Release;
		};
/* End XCBuildConfiguration section */

/* Begin XCConfigurationList section */
		BABD556727D27AEE005EAC25 /* Build configuration list for PBXProject "GBMapTest" */ = {
			isa = XCConfigurationList;
			buildConfigurations = (
				BABD557E27D27AF0005EAC25 /* Debug */,
				BABD557F27D27AF0005EAC25 /* Release */,
			);
			defaultConfigurationIsVisible = 0;
			defaultConfigurationName = Release;
		};
		BABD558027D27AF0005EAC25 /* Build configuration list for PBXNativeTarget "GBMapTest" */ = {
			isa = XCConfigurationList;
			buildConfigurations = (
				BABD558127D27AF0005EAC25 /* Debug */,
				BABD558227D27AF0005EAC25 /* Release */,
			);
			defaultConfigurationIsVisible = 0;
			defaultConfigurationName = Release;
		};
/* End XCConfigurationList section */
	};
	rootObject = BABD556427D27AEE005EAC25 /* Project object */;
}
